
Microsoft Visual Studio Solution File, Format Version 12.00
# Visual Studio Version 17
VisualStudioVersion = 17.0.31903.59
MinimumVisualStudioVersion = 10.0.40219.1
Project("{9A19103F-16F7-4668-BE54-9A1E7A4F7556}") = "Client.exe", "src\Client.exe\Client.exe.csproj", "{7394ADDA-8923-4D65-AE1A-F0A682999EA6}"
EndProject
Project("{9A19103F-16F7-4668-BE54-9A1E7A4F7556}") = "Ivi.Visa.dll", "src\Ivi.Visa.dll\Ivi.Visa.dll.csproj", "{BC56A198-977C-4D89-A843-25EA522FE250}"
EndProject
Project("{9A19103F-16F7-4668-BE54-9A1E7A4F7556}") = "HislipServer.exe", "src\HislipServer.exe\HislipServer.exe.csproj", "{41B5C6FD-A331-4CA3-8DB4-A449B96578AC}"
EndProject
Project("{9A19103F-16F7-4668-BE54-9A1E7A4F7556}") = "Server.exe", "src\Server.exe\Server.exe.csproj", "{F400B1B4-D2D5-4FE7-A4DC-CDA872371B26}"
EndProject
Project("{FAE04EC0-301F-11D3-BF4B-00C04F79EFBC}") = "tmctl.dll", "src\tmctl.dll\tmctl.dll.csproj", "{985B27FE-523D-4E7C-8A84-804CE197191C}"
EndProject
Project("{FAE04EC0-301F-11D3-BF4B-00C04F79EFBC}") = "tmctl64.dll", "src\tmctl64.dll\tmctl64.dll.csproj", "{B8AA1447-AD6C-4441-9365-AD2A8521B1C9}"
EndProject
Project("{9A19103F-16F7-4668-BE54-9A1E7A4F7556}") = "TmctlAPINet.dll", "src\TmctlAPINet.dll\TmctlAPINet.dll.csproj", "{5400B1B4-D2D5-4FE7-A4DC-CDA872371B20}"
EndProject
Project("{9A19103F-16F7-4668-BE54-9A1E7A4F7556}") = "visa32.dll", "src\visa32.dll\visa32.dll.csproj", "{662CA766-B52A-4E04-85C4-789016F3A588}"
EndProject
Project("{9A19103F-16F7-4668-BE54-9A1E7A4F7556}") = "TmctlAPINet.Tests", "test\TmctlAPINet.Tests\TmctlAPINet.Tests.csproj", "{A4A6F9FA-0BB1-4C03-A0A9-4F55CAB500C0}"
	ProjectSection(ProjectDependencies) = postProject
		{5400B1B4-D2D5-4FE7-A4DC-CDA872371B20} = {5400B1B4-D2D5-4FE7-A4DC-CDA872371B20}
	EndProjectSection
EndProject
Project("{9A19103F-16F7-4668-BE54-9A1E7A4F7556}") = "Ivi.Visa.Tests", "test\Ivi.Visa.Tests\Ivi.Visa.Tests.csproj", "{0C63BFBD-5377-46CD-9A81-C7DC64BDE230}"
	ProjectSection(ProjectDependencies) = postProject
		{BC56A198-977C-4D89-A843-25EA522FE250} = {BC56A198-977C-4D89-A843-25EA522FE250}
	EndProjectSection
EndProject
Project("{FAE04EC0-301F-11D3-BF4B-00C04F79EFBC}") = "Vxi11Server", "src\Vxi11Server.exe\Vxi11Server.exe.csproj", "{0DE641EC-87FF-4B6C-939B-7CF5ACCC4206}"
EndProject
Global
	GlobalSection(SolutionConfigurationPlatforms) = preSolution
		Debug|Any CPU = Debug|Any CPU
		Release|Any CPU = Release|Any CPU
	EndGlobalSection
	GlobalSection(ProjectConfigurationPlatforms) = postSolution
		{7394ADDA-8923-4D65-AE1A-F0A682999EA6}.Debug|Any CPU.ActiveCfg = Debug|Any CPU
		{7394ADDA-8923-4D65-AE1A-F0A682999EA6}.Debug|Any CPU.Build.0 = Debug|Any CPU
		{7394ADDA-8923-4D65-AE1A-F0A682999EA6}.Release|Any CPU.ActiveCfg = Release|Any CPU
		{7394ADDA-8923-4D65-AE1A-F0A682999EA6}.Release|Any CPU.Build.0 = Release|Any CPU
		{BC56A198-977C-4D89-A843-25EA522FE250}.Debug|Any CPU.ActiveCfg = Debug|Any CPU
		{BC56A198-977C-4D89-A843-25EA522FE250}.Debug|Any CPU.Build.0 = Debug|Any CPU
		{BC56A198-977C-4D89-A843-25EA522FE250}.Release|Any CPU.ActiveCfg = Release|Any CPU
		{BC56A198-977C-4D89-A843-25EA522FE250}.Release|Any CPU.Build.0 = Release|Any CPU
		{41B5C6FD-A331-4CA3-8DB4-A449B96578AC}.Debug|Any CPU.ActiveCfg = Debug|Any CPU
		{41B5C6FD-A331-4CA3-8DB4-A449B96578AC}.Debug|Any CPU.Build.0 = Debug|Any CPU
		{41B5C6FD-A331-4CA3-8DB4-A449B96578AC}.Release|Any CPU.ActiveCfg = Release|Any CPU
		{41B5C6FD-A331-4CA3-8DB4-A449B96578AC}.Release|Any CPU.Build.0 = Release|Any CPU
		{F400B1B4-D2D5-4FE7-A4DC-CDA872371B26}.Debug|Any CPU.ActiveCfg = Debug|Any CPU
		{F400B1B4-D2D5-4FE7-A4DC-CDA872371B26}.Debug|Any CPU.Build.0 = Debug|Any CPU
		{F400B1B4-D2D5-4FE7-A4DC-CDA872371B26}.Release|Any CPU.ActiveCfg = Release|Any CPU
		{F400B1B4-D2D5-4FE7-A4DC-CDA872371B26}.Release|Any CPU.Build.0 = Release|Any CPU
		{985B27FE-523D-4E7C-8A84-804CE197191C}.Debug|Any CPU.ActiveCfg = Debug|Any CPU
		{985B27FE-523D-4E7C-8A84-804CE197191C}.Debug|Any CPU.Build.0 = Debug|Any CPU
		{985B27FE-523D-4E7C-8A84-804CE197191C}.Release|Any CPU.ActiveCfg = Release|Any CPU
		{985B27FE-523D-4E7C-8A84-804CE197191C}.Release|Any CPU.Build.0 = Release|Any CPU
		{B8AA1447-AD6C-4441-9365-AD2A8521B1C9}.Debug|Any CPU.ActiveCfg = Debug|Any CPU
		{B8AA1447-AD6C-4441-9365-AD2A8521B1C9}.Debug|Any CPU.Build.0 = Debug|Any CPU
		{B8AA1447-AD6C-4441-9365-AD2A8521B1C9}.Release|Any CPU.ActiveCfg = Release|Any CPU
		{B8AA1447-AD6C-4441-9365-AD2A8521B1C9}.Release|Any CPU.Build.0 = Release|Any CPU
		{5400B1B4-D2D5-4FE7-A4DC-CDA872371B20}.Debug|Any CPU.ActiveCfg = Debug|Any CPU
		{5400B1B4-D2D5-4FE7-A4DC-CDA872371B20}.Debug|Any CPU.Build.0 = Debug|Any CPU
		{5400B1B4-D2D5-4FE7-A4DC-CDA872371B20}.Release|Any CPU.ActiveCfg = Release|Any CPU
		{5400B1B4-D2D5-4FE7-A4DC-CDA872371B20}.Release|Any CPU.Build.0 = Release|Any CPU
		{662CA766-B52A-4E04-85C4-789016F3A588}.Debug|Any CPU.ActiveCfg = Debug|Any CPU
		{662CA766-B52A-4E04-85C4-789016F3A588}.Debug|Any CPU.Build.0 = Debug|Any CPU
		{662CA766-B52A-4E04-85C4-789016F3A588}.Release|Any CPU.ActiveCfg = Release|Any CPU
		{662CA766-B52A-4E04-85C4-789016F3A588}.Release|Any CPU.Build.0 = Release|Any CPU
		{A4A6F9FA-0BB1-4C03-A0A9-4F55CAB500C0}.Debug|Any CPU.ActiveCfg = Debug|Any CPU
		{A4A6F9FA-0BB1-4C03-A0A9-4F55CAB500C0}.Debug|Any CPU.Build.0 = Debug|Any CPU
		{A4A6F9FA-0BB1-4C03-A0A9-4F55CAB500C0}.Release|Any CPU.ActiveCfg = Release|Any CPU
		{A4A6F9FA-0BB1-4C03-A0A9-4F55CAB500C0}.Release|Any CPU.Build.0 = Release|Any CPU
		{0C63BFBD-5377-46CD-9A81-C7DC64BDE230}.Debug|Any CPU.ActiveCfg = Debug|Any CPU
		{0C63BFBD-5377-46CD-9A81-C7DC64BDE230}.Debug|Any CPU.Build.0 = Debug|Any CPU
		{0C63BFBD-5377-46CD-9A81-C7DC64BDE230}.Release|Any CPU.ActiveCfg = Release|Any CPU
		{0C63BFBD-5377-46CD-9A81-C7DC64BDE230}.Release|Any CPU.Build.0 = Release|Any CPU
		{0DE641EC-87FF-4B6C-939B-7CF5ACCC4206}.Debug|Any CPU.ActiveCfg = Debug|Any CPU
		{0DE641EC-87FF-4B6C-939B-7CF5ACCC4206}.Debug|Any CPU.Build.0 = Debug|Any CPU
		{0DE641EC-87FF-4B6C-939B-7CF5ACCC4206}.Release|Any CPU.ActiveCfg = Release|Any CPU
		{0DE641EC-87FF-4B6C-939B-7CF5ACCC4206}.Release|Any CPU.Build.0 = Release|Any CPU
	EndGlobalSection
	GlobalSection(SolutionProperties) = preSolution
		HideSolutionNode = FALSE
	EndGlobalSection
	GlobalSection(ExtensibilityGlobals) = postSolution
		SolutionGuid = {2356540B-F046-4600-99B5-E97360906195}
	EndGlobalSection
EndGlobal
